// !$*UTF8*$!
{
	archiveVersion = 1;
	classes = {
	};
	objectVersion = 77;
	objects = {

/* Begin PBXContainerItemProxy section */
		CF67BA892D132D6C00E893D9 /* PBXContainerItemProxy */ = {
			isa = PBXContainerItemProxy;
			containerPortal = CF67BA702D132D6B00E893D9 /* Project object */;
			proxyType = 1;
			remoteGlobalIDString = CF67BA772D132D6B00E893D9;
			remoteInfo = "Finance Manage";
		};
		CF67BA932D132D6C00E893D9 /* PBXContainerItemProxy */ = {
			isa = PBXContainerItemProxy;
			containerPortal = CF67BA702D132D6B00E893D9 /* Project object */;
			proxyType = 1;
			remoteGlobalIDString = CF67BA772D132D6B00E893D9;
			remoteInfo = "Finance Manage";
		};
/* End PBXContainerItemProxy section */

/* Begin PBXFileReference section */
		CF67BA782D132D6B00E893D9 /* Finance Manage.app */ = {isa = PBXFileReference; explicitFileType = wrapper.application; includeInIndex = 0; path = "Finance Manage.app"; sourceTree = BUILT_PRODUCTS_DIR; };
		CF67BA882D132D6C00E893D9 /* Finance ManageTests.xctest */ = {isa = PBXFileReference; explicitFileType = wrapper.cfbundle; includeInIndex = 0; path = "Finance ManageTests.xctest"; sourceTree = BUILT_PRODUCTS_DIR; };
		CF67BA922D132D6C00E893D9 /* Finance ManageUITests.xctest */ = {isa = PBXFileReference; explicitFileType = wrapper.cfbundle; includeInIndex = 0; path = "Finance ManageUITests.xctest"; sourceTree = BUILT_PRODUCTS_DIR; };
/* End PBXFileReference section */

/* Begin PBXFileSystemSynchronizedRootGroup section */
		CF67BA7A2D132D6B00E893D9 /* Finance Manage */ = {
			isa = PBXFileSystemSynchronizedRootGroup;
			path = "Finance Manage";
			sourceTree = "<group>";
		};
		CF67BA8B2D132D6C00E893D9 /* Finance ManageTests */ = {
			isa = PBXFileSystemSynchronizedRootGroup;
			path = "Finance ManageTests";
			sourceTree = "<group>";
		};
		CF67BA952D132D6C00E893D9 /* Finance ManageUITests */ = {
			isa = PBXFileSystemSynchronizedRootGroup;
			path = "Finance ManageUITests";
			sourceTree = "<group>";
		};
/* End PBXFileSystemSynchronizedRootGroup section */

/* Begin PBXFrameworksBuildPhase section */
		CF67BA752D132D6B00E893D9 /* Frameworks */ = {
			isa = PBXFrameworksBuildPhase;
			buildActionMask = 2147483647;
			files = (
			);
			runOnlyForDeploymentPostprocessing = 0;
		};
		CF67BA852D132D6C00E893D9 /* Frameworks */ = {
			isa = PBXFrameworksBuildPhase;
			buildActionMask = 2147483647;
			files = (
			);
			runOnlyForDeploymentPostprocessing = 0;
		};
		CF67BA8F2D132D6C00E893D9 /* Frameworks */ = {
			isa = PBXFrameworksBuildPhase;
			buildActionMask = 2147483647;
			files = (
			);
			runOnlyForDeploymentPostprocessing = 0;
		};
/* End PBXFrameworksBuildPhase section */

/* Begin PBXGroup section */
		CF67BA6F2D132D6B00E893D9 = {
			isa = PBXGroup;
			children = (
				CF67BA7A2D132D6B00E893D9 /* Finance Manage */,
				CF67BA8B2D132D6C00E893D9 /* Finance ManageTests */,
				CF67BA952D132D6C00E893D9 /* Finance ManageUITests */,
				CF67BA792D132D6B00E893D9 /* Products */,
			);
			sourceTree = "<group>";
		};
		CF67BA792D132D6B00E893D9 /* Products */ = {
			isa = PBXGroup;
			children = (
				CF67BA782D132D6B00E893D9 /* Finance Manage.app */,
				CF67BA882D132D6C00E893D9 /* Finance ManageTests.xctest */,
				CF67BA922D132D6C00E893D9 /* Finance ManageUITests.xctest */,
			);
			name = Products;
			sourceTree = "<group>";
		};
/* End PBXGroup section */

/* Begin PBXNativeTarget section */
		CF67BA772D132D6B00E893D9 /* Finance Manage */ = {
			isa = PBXNativeTarget;
			buildConfigurationList = CF67BA9C2D132D6C00E893D9 /* Build configuration list for PBXNativeTarget "Finance Manage" */;
			buildPhases = (
				CF67BA742D132D6B00E893D9 /* Sources */,
				CF67BA752D132D6B00E893D9 /* Frameworks */,
				CF67BA762D132D6B00E893D9 /* Resources */,
			);
			buildRules = (
			);
			dependencies = (
			);
			fileSystemSynchronizedGroups = (
				CF67BA7A2D132D6B00E893D9 /* Finance Manage */,
			);
			name = "Finance Manage";
			packageProductDependencies = (
			);
			productName = "Finance Manage";
			productReference = CF67BA782D132D6B00E893D9 /* Finance Manage.app */;
			productType = "com.apple.product-type.application";
		};
		CF67BA872D132D6C00E893D9 /* Finance ManageTests */ = {
			isa = PBXNativeTarget;
			buildConfigurationList = CF67BA9F2D132D6C00E893D9 /* Build configuration list for PBXNativeTarget "Finance ManageTests" */;
			buildPhases = (
				CF67BA842D132D6C00E893D9 /* Sources */,
				CF67BA852D132D6C00E893D9 /* Frameworks */,
				CF67BA862D132D6C00E893D9 /* Resources */,
			);
			buildRules = (
			);
			dependencies = (
				CF67BA8A2D132D6C00E893D9 /* PBXTargetDependency */,
			);
			fileSystemSynchronizedGroups = (
				CF67BA8B2D132D6C00E893D9 /* Finance ManageTests */,
			);
			name = "Finance ManageTests";
			packageProductDependencies = (
			);
			productName = "Finance ManageTests";
			productReference = CF67BA882D132D6C00E893D9 /* Finance ManageTests.xctest */;
			productType = "com.apple.product-type.bundle.unit-test";
		};
		CF67BA912D132D6C00E893D9 /* Finance ManageUITests */ = {
			isa = PBXNativeTarget;
			buildConfigurationList = CF67BAA22D132D6C00E893D9 /* Build configuration list for PBXNativeTarget "Finance ManageUITests" */;
			buildPhases = (
				CF67BA8E2D132D6C00E893D9 /* Sources */,
				CF67BA8F2D132D6C00E893D9 /* Frameworks */,
				CF67BA902D132D6C00E893D9 /* Resources */,
			);
			buildRules = (
			);
			dependencies = (
				CF67BA942D132D6C00E893D9 /* PBXTargetDependency */,
			);
			fileSystemSynchronizedGroups = (
				CF67BA952D132D6C00E893D9 /* Finance ManageUITests */,
			);
			name = "Finance ManageUITests";
			packageProductDependencies = (
			);
			productName = "Finance ManageUITests";
			productReference = CF67BA922D132D6C00E893D9 /* Finance ManageUITests.xctest */;
			productType = "com.apple.product-type.bundle.ui-testing";
		};
/* End PBXNativeTarget section */

/* Begin PBXProject section */
		CF67BA702D132D6B00E893D9 /* Project object */ = {
			isa = PBXProject;
			attributes = {
				BuildIndependentTargetsInParallel = 1;
				LastSwiftUpdateCheck = 1600;
				LastUpgradeCheck = 1600;
				TargetAttributes = {
					CF67BA772D132D6B00E893D9 = {
						CreatedOnToolsVersion = 16.0;
					};
					CF67BA872D132D6C00E893D9 = {
						CreatedOnToolsVersion = 16.0;
						TestTargetID = CF67BA772D132D6B00E893D9;
					};
					CF67BA912D132D6C00E893D9 = {
						CreatedOnToolsVersion = 16.0;
						TestTargetID = CF67BA772D132D6B00E893D9;
					};
				};
			};
			buildConfigurationList = CF67BA732D132D6B00E893D9 /* Build configuration list for PBXProject "Finance Manage" */;
			developmentRegion = en;
			hasScannedForEncodings = 0;
			knownRegions = (
				en,
				Base,
			);
			mainGroup = CF67BA6F2D132D6B00E893D9;
			minimizedProjectReferenceProxies = 1;
			preferredProjectObjectVersion = 77;
			productRefGroup = CF67BA792D132D6B00E893D9 /* Products */;
			projectDirPath = "";
			projectRoot = "";
			targets = (
				CF67BA772D132D6B00E893D9 /* Finance Manage */,
				CF67BA872D132D6C00E893D9 /* Finance ManageTests */,
				CF67BA912D132D6C00E893D9 /* Finance ManageUITests */,
			);
		};
/* End PBXProject section */

/* Begin PBXResourcesBuildPhase section */
		CF67BA762D132D6B00E893D9 /* Resources */ = {
			isa = PBXResourcesBuildPhase;
			buildActionMask = 2147483647;
			files = (
			);
			runOnlyForDeploymentPostprocessing = 0;
		};
		CF67BA862D132D6C00E893D9 /* Resources */ = {
			isa = PBXResourcesBuildPhase;
			buildActionMask = 2147483647;
			files = (
			);
			runOnlyForDeploymentPostprocessing = 0;
		};
		CF67BA902D132D6C00E893D9 /* Resources */ = {
			isa = PBXResourcesBuildPhase;
			buildActionMask = 2147483647;
			files = (
			);
			runOnlyForDeploymentPostprocessing = 0;
		};
/* End PBXResourcesBuildPhase section */

/* Begin PBXSourcesBuildPhase section */
		CF67BA742D132D6B00E893D9 /* Sources */ = {
			isa = PBXSourcesBuildPhase;
			buildActionMask = 2147483647;
			files = (
			);
			runOnlyForDeploymentPostprocessing = 0;
		};
		CF67BA842D132D6C00E893D9 /* Sources */ = {
			isa = PBXSourcesBuildPhase;
			buildActionMask = 2147483647;
			files = (
			);
			runOnlyForDeploymentPostprocessing = 0;
		};
		CF67BA8E2D132D6C00E893D9 /* Sources */ = {
			isa = PBXSourcesBuildPhase;
			buildActionMask = 2147483647;
			files = (
			);
			runOnlyForDeploymentPostprocessing = 0;
		};
/* End PBXSourcesBuildPhase section */

/* Begin PBXTargetDependency section */
		CF67BA8A2D132D6C00E893D9 /* PBXTargetDependency */ = {
			isa = PBXTargetDependency;
			target = CF67BA772D132D6B00E893D9 /* Finance Manage */;
			targetProxy = CF67BA892D132D6C00E893D9 /* PBXContainerItemProxy */;
		};
		CF67BA942D132D6C00E893D9 /* PBXTargetDependency */ = {
			isa = PBXTargetDependency;
			target = CF67BA772D132D6B00E893D9 /* Finance Manage */;
			targetProxy = CF67BA932D132D6C00E893D9 /* PBXContainerItemProxy */;
		};
/* End PBXTargetDependency section */

/* Begin XCBuildConfiguration section */
		CF67BA9A2D132D6C00E893D9 /* Debug */ = {
			isa = XCBuildConfiguration;
			buildSettings = {
				ALWAYS_SEARCH_USER_PATHS = NO;
				ASSETCATALOG_COMPILER_GENERATE_SWIFT_ASSET_SYMBOL_EXTENSIONS = YES;
				CLANG_ANALYZER_NONNULL = YES;
				CLANG_ANALYZER_NUMBER_OBJECT_CONVERSION = YES_AGGRESSIVE;
				CLANG_CXX_LANGUAGE_STANDARD = "gnu++20";
				CLANG_ENABLE_MODULES = YES;
				CLANG_ENABLE_OBJC_ARC = YES;
				CLANG_ENABLE_OBJC_WEAK = YES;
				CLANG_WARN_BLOCK_CAPTURE_AUTORELEASING = YES;
				CLANG_WARN_BOOL_CONVERSION = YES;
				CLANG_WARN_COMMA = YES;
				CLANG_WARN_CONSTANT_CONVERSION = YES;
				CLANG_WARN_DEPRECATED_OBJC_IMPLEMENTATIONS = YES;
				CLANG_WARN_DIRECT_OBJC_ISA_USAGE = YES_ERROR;
				CLANG_WARN_DOCUMENTATION_COMMENTS = YES;
				CLANG_WARN_EMPTY_BODY = YES;
				CLANG_WARN_ENUM_CONVERSION = YES;
				CLANG_WARN_INFINITE_RECURSION = YES;
				CLANG_WARN_INT_CONVERSION = YES;
				CLANG_WARN_NON_LITERAL_NULL_CONVERSION = YES;
				CLANG_WARN_OBJC_IMPLICIT_RETAIN_SELF = YES;
				CLANG_WARN_OBJC_LITERAL_CONVERSION = YES;
				CLANG_WARN_OBJC_ROOT_CLASS = YES_ERROR;
				CLANG_WARN_QUOTED_INCLUDE_IN_FRAMEWORK_HEADER = YES;
				CLANG_WARN_RANGE_LOOP_ANALYSIS = YES;
				CLANG_WARN_STRICT_PROTOTYPES = YES;
				CLANG_WARN_SUSPICIOUS_MOVE = YES;
				CLANG_WARN_UNGUARDED_AVAILABILITY = YES_AGGRESSIVE;
				CLANG_WARN_UNREACHABLE_CODE = YES;
				CLANG_WARN__DUPLICATE_METHOD_MATCH = YES;
				COPY_PHASE_STRIP = NO;
				DEBUG_INFORMATION_FORMAT = dwarf;
				ENABLE_STRICT_OBJC_MSGSEND = YES;
				ENABLE_TESTABILITY = YES;
				ENABLE_USER_SCRIPT_SANDBOXING = YES;
				GCC_C_LANGUAGE_STANDARD = gnu17;
				GCC_DYNAMIC_NO_PIC = NO;
				GCC_NO_COMMON_BLOCKS = YES;
				GCC_OPTIMIZATION_LEVEL = 0;
				GCC_PREPROCESSOR_DEFINITIONS = (
					"DEBUG=1",
					"$(inherited)",
				);
				GCC_WARN_64_TO_32_BIT_CONVERSION = YES;
				GCC_WARN_ABOUT_RETURN_TYPE = YES_ERROR;
				GCC_WARN_UNDECLARED_SELECTOR = YES;
				GCC_WARN_UNINITIALIZED_AUTOS = YES_AGGRESSIVE;
				GCC_WARN_UNUSED_FUNCTION = YES;
				GCC_WARN_UNUSED_VARIABLE = YES;
				IPHONEOS_DEPLOYMENT_TARGET = 18.0;
				LOCALIZATION_PREFERS_STRING_CATALOGS = YES;
				MTL_ENABLE_DEBUG_INFO = INCLUDE_SOURCE;
				MTL_FAST_MATH = YES;
				ONLY_ACTIVE_ARCH = YES;
				SDKROOT = iphoneos;
				SWIFT_ACTIVE_COMPILATION_CONDITIONS = "DEBUG $(inherited)";
				SWIFT_OPTIMIZATION_LEVEL = "-Onone";
			};
			name = Debug;
		};
		CF67BA9B2D132D6C00E893D9 /* Release */ = {
			isa = XCBuildConfiguration;
			buildSettings = {
				ALWAYS_SEARCH_USER_PATHS = NO;
				ASSETCATALOG_COMPILER_GENERATE_SWIFT_ASSET_SYMBOL_EXTENSIONS = YES;
				CLANG_ANALYZER_NONNULL = YES;
				CLANG_ANALYZER_NUMBER_OBJECT_CONVERSION = YES_AGGRESSIVE;
				CLANG_CXX_LANGUAGE_STANDARD = "gnu++20";
				CLANG_ENABLE_MODULES = YES;
				CLANG_ENABLE_OBJC_ARC = YES;
				CLANG_ENABLE_OBJC_WEAK = YES;
				CLANG_WARN_BLOCK_CAPTURE_AUTORELEASING = YES;
				CLANG_WARN_BOOL_CONVERSION = YES;
				CLANG_WARN_COMMA = YES;
				CLANG_WARN_CONSTANT_CONVERSION = YES;
				CLANG_WARN_DEPRECATED_OBJC_IMPLEMENTATIONS = YES;
				CLANG_WARN_DIRECT_OBJC_ISA_USAGE = YES_ERROR;
				CLANG_WARN_DOCUMENTATION_COMMENTS = YES;
				CLANG_WARN_EMPTY_BODY = YES;
				CLANG_WARN_ENUM_CONVERSION = YES;
				CLANG_WARN_INFINITE_RECURSION = YES;
				CLANG_WARN_INT_CONVERSION = YES;
				CLANG_WARN_NON_LITERAL_NULL_CONVERSION = YES;
				CLANG_WARN_OBJC_IMPLICIT_RETAIN_SELF = YES;
				CLANG_WARN_OBJC_LITERAL_CONVERSION = YES;
				CLANG_WARN_OBJC_ROOT_CLASS = YES_ERROR;
				CLANG_WARN_QUOTED_INCLUDE_IN_FRAMEWORK_HEADER = YES;
				CLANG_WARN_RANGE_LOOP_ANALYSIS = YES;
				CLANG_WARN_STRICT_PROTOTYPES = YES;
				CLANG_WARN_SUSPICIOUS_MOVE = YES;
				CLANG_WARN_UNGUARDED_AVAILABILITY = YES_AGGRESSIVE;
				CLANG_WARN_UNREACHABLE_CODE = YES;
				CLANG_WARN__DUPLICATE_METHOD_MATCH = YES;
				COPY_PHASE_STRIP = NO;
				DEBUG_INFORMATION_FORMAT = "dwarf-with-dsym";
				ENABLE_NS_ASSERTIONS = NO;
				ENABLE_STRICT_OBJC_MSGSEND = YES;
				ENABLE_USER_SCRIPT_SANDBOXING = YES;
				GCC_C_LANGUAGE_STANDARD = gnu17;
				GCC_NO_COMMON_BLOCKS = YES;
				GCC_WARN_64_TO_32_BIT_CONVERSION = YES;
				GCC_WARN_ABOUT_RETURN_TYPE = YES_ERROR;
				GCC_WARN_UNDECLARED_SELECTOR = YES;
				GCC_WARN_UNINITIALIZED_AUTOS = YES_AGGRESSIVE;
				GCC_WARN_UNUSED_FUNCTION = YES;
				GCC_WARN_UNUSED_VARIABLE = YES;
				IPHONEOS_DEPLOYMENT_TARGET = 18.0;
				LOCALIZATION_PREFERS_STRING_CATALOGS = YES;
				MTL_ENABLE_DEBUG_INFO = NO;
				MTL_FAST_MATH = YES;
				SDKROOT = iphoneos;
				SWIFT_COMPILATION_MODE = wholemodule;
				VALIDATE_PRODUCT = YES;
			};
			name = Release;
		};
		CF67BA9D2D132D6C00E893D9 /* Debug */ = {
			isa = XCBuildConfiguration;
			buildSettings = {
				ASSETCATALOG_COMPILER_APPICON_NAME = AppIcon;
				ASSETCATALOG_COMPILER_GLOBAL_ACCENT_COLOR_NAME = AccentColor;
				CODE_SIGN_STYLE = Automatic;
				CURRENT_PROJECT_VERSION = 1;
				DEVELOPMENT_ASSET_PATHS = "\"Finance Manage/Preview Content\"";
				ENABLE_PREVIEWS = YES;
				GENERATE_INFOPLIST_FILE = YES;
				INFOPLIST_KEY_UIApplicationSceneManifest_Generation = YES;
				INFOPLIST_KEY_UIApplicationSupportsIndirectInputEvents = YES;
				INFOPLIST_KEY_UILaunchScreen_Generation = YES;
				INFOPLIST_KEY_UISupportedInterfaceOrientations_iPad = "UIInterfaceOrientationPortrait UIInterfaceOrientationPortraitUpsideDown UIInterfaceOrientationLandscapeLeft UIInterfaceOrientationLandscapeRight";
				INFOPLIST_KEY_UISupportedInterfaceOrientations_iPhone = "UIInterfaceOrientationPortrait UIInterfaceOrientationLandscapeLeft UIInterfaceOrientationLandscapeRight";
				LD_RUNPATH_SEARCH_PATHS = (
					"$(inherited)",
					"@executable_path/Frameworks",
				);
				MARKETING_VERSION = 1.0;
				PRODUCT_BUNDLE_IDENTIFIER = "ByteMe.Finance-Manage";
				PRODUCT_NAME = "$(TARGET_NAME)";
				SWIFT_EMIT_LOC_STRINGS = YES;
				SWIFT_VERSION = 5.0;
				TARGETED_DEVICE_FAMILY = "1,2";
			};
			name = Debug;
		};
		CF67BA9E2D132D6C00E893D9 /* Release */ = {
			isa = XCBuildConfiguration;
			buildSettings = {
				ASSETCATALOG_COMPILER_APPICON_NAME = AppIcon;
				ASSETCATALOG_COMPILER_GLOBAL_ACCENT_COLOR_NAME = AccentColor;
				CODE_SIGN_STYLE = Automatic;
				CURRENT_PROJECT_VERSION = 1;
				DEVELOPMENT_ASSET_PATHS = "\"Finance Manage/Preview Content\"";
				ENABLE_PREVIEWS = YES;
				GENERATE_INFOPLIST_FILE = YES;
				INFOPLIST_KEY_UIApplicationSceneManifest_Generation = YES;
				INFOPLIST_KEY_UIApplicationSupportsIndirectInputEvents = YES;
				INFOPLIST_KEY_UILaunchScreen_Generation = YES;
				INFOPLIST_KEY_UISupportedInterfaceOrientations_iPad = "UIInterfaceOrientationPortrait UIInterfaceOrientationPortraitUpsideDown UIInterfaceOrientationLandscapeLeft UIInterfaceOrientationLandscapeRight";
				INFOPLIST_KEY_UISupportedInterfaceOrientations_iPhone = "UIInterfaceOrientationPortrait UIInterfaceOrientationLandscapeLeft UIInterfaceOrientationLandscapeRight";
				LD_RUNPATH_SEARCH_PATHS = (
					"$(inherited)",
					"@executable_path/Frameworks",
				);
				MARKETING_VERSION = 1.0;
				PRODUCT_BUNDLE_IDENTIFIER = "ByteMe.Finance-Manage";
				PRODUCT_NAME = "$(TARGET_NAME)";
				SWIFT_EMIT_LOC_STRINGS = YES;
				SWIFT_VERSION = 5.0;
				TARGETED_DEVICE_FAMILY = "1,2";
			};
			name = Release;
		};
		CF67BAA02D132D6C00E893D9 /* Debug */ = {
			isa = XCBuildConfiguration;
			buildSettings = {
				BUNDLE_LOADER = "$(TEST_HOST)";
				CODE_SIGN_STYLE = Automatic;
				CURRENT_PROJECT_VERSION = 1;
				GENERATE_INFOPLIST_FILE = YES;
				IPHONEOS_DEPLOYMENT_TARGET = 18.0;
				MARKETING_VERSION = 1.0;
				PRODUCT_BUNDLE_IDENTIFIER = "ByteMe.Finance-ManageTests";
				PRODUCT_NAME = "$(TARGET_NAME)";
				SWIFT_EMIT_LOC_STRINGS = NO;
				SWIFT_VERSION = 5.0;
				TARGETED_DEVICE_FAMILY = "1,2";
				TEST_HOST = "$(BUILT_PRODUCTS_DIR)/Finance Manage.app/$(BUNDLE_EXECUTABLE_FOLDER_PATH)/Finance Manage";
			};
			name = Debug;
		};
		CF67BAA12D132D6C00E893D9 /* Release */ = {
			isa = XCBuildConfiguration;
			buildSettings = {
				BUNDLE_LOADER = "$(TEST_HOST)";
				CODE_SIGN_STYLE = Automatic;
				CURRENT_PROJECT_VERSION = 1;
				GENERATE_INFOPLIST_FILE = YES;
				IPHONEOS_DEPLOYMENT_TARGET = 18.0;
				MARKETING_VERSION = 1.0;
				PRODUCT_BUNDLE_IDENTIFIER = "ByteMe.Finance-ManageTests";
				PRODUCT_NAME = "$(TARGET_NAME)";
				SWIFT_EMIT_LOC_STRINGS = NO;
				SWIFT_VERSION = 5.0;
				TARGETED_DEVICE_FAMILY = "1,2";
				TEST_HOST = "$(BUILT_PRODUCTS_DIR)/Finance Manage.app/$(BUNDLE_EXECUTABLE_FOLDER_PATH)/Finance Manage";
			};
			name = Release;
		};
		CF67BAA32D132D6C00E893D9 /* Debug */ = {
			isa = XCBuildConfiguration;
			buildSettings = {
				CODE_SIGN_STYLE = Automatic;
				CURRENT_PROJECT_VERSION = 1;
				GENERATE_INFOPLIST_FILE = YES;
				MARKETING_VERSION = 1.0;
				PRODUCT_BUNDLE_IDENTIFIER = "ByteMe.Finance-ManageUITests";
				PRODUCT_NAME = "$(TARGET_NAME)";
				SWIFT_EMIT_LOC_STRINGS = NO;
				SWIFT_VERSION = 5.0;
				TARGETED_DEVICE_FAMILY = "1,2";
				TEST_TARGET_NAME = "Finance Manage";
			};
			name = Debug;
		};
		CF67BAA42D132D6C00E893D9 /* Release */ = {
			isa = XCBuildConfiguration;
			buildSettings = {
				CODE_SIGN_STYLE = Automatic;
				CURRENT_PROJECT_VERSION = 1;
				GENERATE_INFOPLIST_FILE = YES;
				MARKETING_VERSION = 1.0;
				PRODUCT_BUNDLE_IDENTIFIER = "ByteMe.Finance-ManageUITests";
				PRODUCT_NAME = "$(TARGET_NAME)";
				SWIFT_EMIT_LOC_STRINGS = NO;
				SWIFT_VERSION = 5.0;
				TARGETED_DEVICE_FAMILY = "1,2";
				TEST_TARGET_NAME = "Finance Manage";
			};
			name = Release;
		};
/* End XCBuildConfiguration section */

/* Begin XCConfigurationList section */
		CF67BA732D132D6B00E893D9 /* Build configuration list for PBXProject "Finance Manage" */ = {
			isa = XCConfigurationList;
			buildConfigurations = (
				CF67BA9A2D132D6C00E893D9 /* Debug */,
				CF67BA9B2D132D6C00E893D9 /* Release */,
			);
			defaultConfigurationIsVisible = 0;
			defaultConfigurationName = Release;
		};
		CF67BA9C2D132D6C00E893D9 /* Build configuration list for PBXNativeTarget "Finance Manage" */ = {
			isa = XCConfigurationList;
			buildConfigurations = (
				CF67BA9D2D132D6C00E893D9 /* Debug */,
				CF67BA9E2D132D6C00E893D9 /* Release */,
			);
			defaultConfigurationIsVisible = 0;
			defaultConfigurationName = Release;
		};
		CF67BA9F2D132D6C00E893D9 /* Build configuration list for PBXNativeTarget "Finance ManageTests" */ = {
			isa = XCConfigurationList;
			buildConfigurations = (
				CF67BAA02D132D6C00E893D9 /* Debug */,
				CF67BAA12D132D6C00E893D9 /* Release */,
			);
			defaultConfigurationIsVisible = 0;
			defaultConfigurationName = Release;
		};
		CF67BAA22D132D6C00E893D9 /* Build configuration list for PBXNativeTarget "Finance ManageUITests" */ = {
			isa = XCConfigurationList;
			buildConfigurations = (
				CF67BAA32D132D6C00E893D9 /* Debug */,
				CF67BAA42D132D6C00E893D9 /* Release */,
			);
			defaultConfigurationIsVisible = 0;
			defaultConfigurationName = Release;
		};
/* End XCConfigurationList section */
	};
	rootObject = CF67BA702D132D6B00E893D9 /* Project object */;
}
